
Microsoft Visual Studio Solution File, Format Version 12.00
# Visual Studio Version 16
VisualStudioVersion = 16.0.31911.196
MinimumVisualStudioVersion = 10.0.40219.1
Project("{FAE04EC0-301F-11D3-BF4B-00C04F79EFBC}") = "Number to Sound", "Number to Sound.csproj", "{BEA23746-5D10-4460-8104-3C6976088054}"
EndProject
Global
	GlobalSection(SolutionConfigurationPlatforms) = preSolution
		Debug|Any CPU = Debug|Any CPU
		Release|Any CPU = Release|Any CPU
	EndGlobalSection
	GlobalSection(ProjectConfigurationPlatforms) = postSolution
		{BEA23746-5D10-4460-8104-3C6976088054}.Debug|Any CPU.ActiveCfg = Debug|Any CPU
		{BEA23746-5D10-4460-8104-3C6976088054}.Debug|Any CPU.Build.0 = Debug|Any CPU
		{BEA23746-5D10-4460-8104-3C6976088054}.Release|Any CPU.ActiveCfg = Release|Any CPU
		{BEA23746-5D10-4460-8104-3C6976088054}.Release|Any CPU.Build.0 = Release|Any CPU
	EndGlobalSection
	GlobalSection(SolutionProperties) = preSolution
		HideSolutionNode = FALSE
	EndGlobalSection
	GlobalSection(ExtensibilityGlobals) = postSolution
		SolutionGuid = {03A12871-0833-42AA-A324-BF7B4D1E03B1}
	EndGlobalSection
EndGlobal
